
Microsoft Visual Studio Solution File, Format Version 12.00
# Visual Studio Version 17
VisualStudioVersion = 17.14.36414.22 d17.14
MinimumVisualStudioVersion = 10.0.40219.1
Project("{FAE04EC0-301F-11D3-BF4B-00C04F79EFBC}") = "Tyuiu.DyuvenzhiMI.Sprint7.Project.V11.Lib", "Tyuiu.DyuvenzhiMI.Sprint7.Project.V11.Lib\Tyuiu.DyuvenzhiMI.Sprint7.Project.V11.Lib.csproj", "{055955AF-D2CF-45F0-9147-89E8B3F274C4}"
EndProject
Project("{FAE04EC0-301F-11D3-BF4B-00C04F79EFBC}") = "Tyuiu.DyuvenzhiMI.Sprint7.Project.V11.Test", "Tyuiu.DyuvenzhiMI.Sprint7.Project.V11.Test\Tyuiu.DyuvenzhiMI.Sprint7.Project.V11.Test.csproj", "{6D3A191B-E683-4982-96C8-1E3E3366377A}"
EndProject
Project("{FAE04EC0-301F-11D3-BF4B-00C04F79EFBC}") = "Tyuiu.DyuvenzhiMI.Sprint7.Project.V11", "Tyuiu.DyuvenzhiMI.Sprint7.Project.V11\Tyuiu.DyuvenzhiMI.Sprint7.Project.V11.csproj", "{3F8EDE27-6877-4DC2-90F6-8E4FBC2C795F}"
EndProject
Global
	GlobalSection(SolutionConfigurationPlatforms) = preSolution
		Debug|Any CPU = Debug|Any CPU
		Release|Any CPU = Release|Any CPU
	EndGlobalSection
	GlobalSection(ProjectConfigurationPlatforms) = postSolution
		{055955AF-D2CF-45F0-9147-89E8B3F274C4}.Debug|Any CPU.ActiveCfg = Debug|Any CPU
		{055955AF-D2CF-45F0-9147-89E8B3F274C4}.Debug|Any CPU.Build.0 = Debug|Any CPU
		{055955AF-D2CF-45F0-9147-89E8B3F274C4}.Release|Any CPU.ActiveCfg = Release|Any CPU
		{055955AF-D2CF-45F0-9147-89E8B3F274C4}.Release|Any CPU.Build.0 = Release|Any CPU
		{6D3A191B-E683-4982-96C8-1E3E3366377A}.Debug|Any CPU.ActiveCfg = Debug|Any CPU
		{6D3A191B-E683-4982-96C8-1E3E3366377A}.Debug|Any CPU.Build.0 = Debug|Any CPU
		{6D3A191B-E683-4982-96C8-1E3E3366377A}.Release|Any CPU.ActiveCfg = Release|Any CPU
		{6D3A191B-E683-4982-96C8-1E3E3366377A}.Release|Any CPU.Build.0 = Release|Any CPU
		{3F8EDE27-6877-4DC2-90F6-8E4FBC2C795F}.Debug|Any CPU.ActiveCfg = Debug|Any CPU
		{3F8EDE27-6877-4DC2-90F6-8E4FBC2C795F}.Debug|Any CPU.Build.0 = Debug|Any CPU
		{3F8EDE27-6877-4DC2-90F6-8E4FBC2C795F}.Release|Any CPU.ActiveCfg = Release|Any CPU
		{3F8EDE27-6877-4DC2-90F6-8E4FBC2C795F}.Release|Any CPU.Build.0 = Release|Any CPU
	EndGlobalSection
	GlobalSection(SolutionProperties) = preSolution
		HideSolutionNode = FALSE
	EndGlobalSection
	GlobalSection(ExtensibilityGlobals) = postSolution
		SolutionGuid = {4948F424-3120-44BF-8B7E-9C8F42FE95C8}
	EndGlobalSection
EndGlobal
